
Microsoft Visual Studio Solution File, Format Version 12.00
# Visual Studio Version 16
VisualStudioVersion = 16.0.29806.167
MinimumVisualStudioVersion = 10.0.40219.1
Project("{8BC9CEB8-8B4A-11D0-8D11-00A0C91BC942}") = "Task1Cpp", "Task1Cpp\Task1Cpp.vcxproj", "{EB382190-5E8A-4911-8411-1861CCA798AE}"
EndProject
Project("{8BC9CEB8-8B4A-11D0-8D11-00A0C91BC942}") = "IndexerTestCpp", "IndexerTestCpp\IndexerTestCpp.vcxproj", "{F3404638-0D30-48D5-90B4-00E8A5254E3D}"
EndProject
Project("{2150E333-8FDC-42A3-9474-1A3956D46DE8}") = "Task1", "Task1", "{18D20E0E-3327-4E73-9EBD-A1D39216FA6E}"
EndProject
Project("{2150E333-8FDC-42A3-9474-1A3956D46DE8}") = "Cpp", "Cpp", "{A4814288-97AA-4E0A-85EF-E2CD47A84712}"
EndProject
Project("{2150E333-8FDC-42A3-9474-1A3956D46DE8}") = "CSharp", "CSharp", "{9FED662E-94C0-4F95-B7D1-957BB38D2676}"
EndProject
Project("{2150E333-8FDC-42A3-9474-1A3956D46DE8}") = "Task2", "Task2", "{DBFB1BA3-E1BD-4D6F-877D-3DC037D8E6A2}"
EndProject
Project("{2150E333-8FDC-42A3-9474-1A3956D46DE8}") = "CSharp", "CSharp", "{1E6A633A-E3A6-4034-B243-C1BF11F909D5}"
EndProject
Project("{2150E333-8FDC-42A3-9474-1A3956D46DE8}") = "Cpp", "Cpp", "{A901597B-7208-443F-A6BB-7663341F628F}"
EndProject
Project("{FAE04EC0-301F-11D3-BF4B-00C04F79EFBC}") = "Task1CSharp", "Task1CSharp\Task1CSharp.csproj", "{E7864DE7-C97E-4F64-AF39-31EC8DB8A511}"
EndProject
Project("{FAE04EC0-301F-11D3-BF4B-00C04F79EFBC}") = "IndexerTestCSharp", "IndexerTestCSharp\IndexerTestCSharp.csproj", "{0BB24013-6754-4310-A3FF-3CA94281217A}"
EndProject
Project("{FAE04EC0-301F-11D3-BF4B-00C04F79EFBC}") = "Task2CSharp", "Task2CSharp\Task2CSharp.csproj", "{68E332A4-FF2D-4C31-87C6-C678A07636E4}"
EndProject
Project("{FAE04EC0-301F-11D3-BF4B-00C04F79EFBC}") = "LinearEquationTestCSharp", "LinearEquationTestCSharp\LinearEquationTestCSharp.csproj", "{2E3DFA1A-EEDB-4996-ADFE-B1A7769A48FB}"
EndProject
Project("{FAE04EC0-301F-11D3-BF4B-00C04F79EFBC}") = "SystemOfLinearEquationTestCSharp", "SystemOfLinearEquationTestCSharp\SystemOfLinearEquationTestCSharp.csproj", "{A86FA4A1-6E7B-4789-A411-4400A04A025D}"
EndProject
Project("{8BC9CEB8-8B4A-11D0-8D11-00A0C91BC942}") = "Task2Cpp", "Task2Cpp\Task2Cpp.vcxproj", "{62156D7F-A1D1-4ACA-BE68-8FB586A17176}"
EndProject
Project("{8BC9CEB8-8B4A-11D0-8D11-00A0C91BC942}") = "LinearEquationTestCpp", "LinearEquationTestCpp\LinearEquationTestCpp.vcxproj", "{57ACA3C8-B307-411C-85F9-D6326236B384}"
EndProject
Global
	GlobalSection(SolutionConfigurationPlatforms) = preSolution
		Debug|Any CPU = Debug|Any CPU
		Debug|x64 = Debug|x64
		Debug|x86 = Debug|x86
		Release|Any CPU = Release|Any CPU
		Release|x64 = Release|x64
		Release|x86 = Release|x86
	EndGlobalSection
	GlobalSection(ProjectConfigurationPlatforms) = postSolution
		{EB382190-5E8A-4911-8411-1861CCA798AE}.Debug|Any CPU.ActiveCfg = Debug|Win32
		{EB382190-5E8A-4911-8411-1861CCA798AE}.Debug|Any CPU.Build.0 = Debug|Win32
		{EB382190-5E8A-4911-8411-1861CCA798AE}.Debug|x64.ActiveCfg = Debug|x64
		{EB382190-5E8A-4911-8411-1861CCA798AE}.Debug|x64.Build.0 = Debug|x64
		{EB382190-5E8A-4911-8411-1861CCA798AE}.Debug|x86.ActiveCfg = Debug|Win32
		{EB382190-5E8A-4911-8411-1861CCA798AE}.Debug|x86.Build.0 = Debug|Win32
		{EB382190-5E8A-4911-8411-1861CCA798AE}.Release|Any CPU.ActiveCfg = Release|Win32
		{EB382190-5E8A-4911-8411-1861CCA798AE}.Release|x64.ActiveCfg = Release|x64
		{EB382190-5E8A-4911-8411-1861CCA798AE}.Release|x64.Build.0 = Release|x64
		{EB382190-5E8A-4911-8411-1861CCA798AE}.Release|x86.ActiveCfg = Release|Win32
		{EB382190-5E8A-4911-8411-1861CCA798AE}.Release|x86.Build.0 = Release|Win32
		{F3404638-0D30-48D5-90B4-00E8A5254E3D}.Debug|Any CPU.ActiveCfg = Debug|Win32
		{F3404638-0D30-48D5-90B4-00E8A5254E3D}.Debug|Any CPU.Build.0 = Debug|Win32
		{F3404638-0D30-48D5-90B4-00E8A5254E3D}.Debug|x64.ActiveCfg = Debug|x64
		{F3404638-0D30-48D5-90B4-00E8A5254E3D}.Debug|x64.Build.0 = Debug|x64
		{F3404638-0D30-48D5-90B4-00E8A5254E3D}.Debug|x86.ActiveCfg = Debug|Win32
		{F3404638-0D30-48D5-90B4-00E8A5254E3D}.Debug|x86.Build.0 = Debug|Win32
		{F3404638-0D30-48D5-90B4-00E8A5254E3D}.Release|Any CPU.ActiveCfg = Release|Win32
		{F3404638-0D30-48D5-90B4-00E8A5254E3D}.Release|x64.ActiveCfg = Release|x64
		{F3404638-0D30-48D5-90B4-00E8A5254E3D}.Release|x64.Build.0 = Release|x64
		{F3404638-0D30-48D5-90B4-00E8A5254E3D}.Release|x86.ActiveCfg = Release|Win32
		{F3404638-0D30-48D5-90B4-00E8A5254E3D}.Release|x86.Build.0 = Release|Win32
		{E7864DE7-C97E-4F64-AF39-31EC8DB8A511}.Debug|Any CPU.ActiveCfg = Debug|Any CPU
		{E7864DE7-C97E-4F64-AF39-31EC8DB8A511}.Debug|Any CPU.Build.0 = Debug|Any CPU
		{E7864DE7-C97E-4F64-AF39-31EC8DB8A511}.Debug|x64.ActiveCfg = Debug|Any CPU
		{E7864DE7-C97E-4F64-AF39-31EC8DB8A511}.Debug|x64.Build.0 = Debug|Any CPU
		{E7864DE7-C97E-4F64-AF39-31EC8DB8A511}.Debug|x86.ActiveCfg = Debug|Any CPU
		{E7864DE7-C97E-4F64-AF39-31EC8DB8A511}.Debug|x86.Build.0 = Debug|Any CPU
		{E7864DE7-C97E-4F64-AF39-31EC8DB8A511}.Release|Any CPU.ActiveCfg = Release|Any CPU
		{E7864DE7-C97E-4F64-AF39-31EC8DB8A511}.Release|Any CPU.Build.0 = Release|Any CPU
		{E7864DE7-C97E-4F64-AF39-31EC8DB8A511}.Release|x64.ActiveCfg = Release|Any CPU
		{E7864DE7-C97E-4F64-AF39-31EC8DB8A511}.Release|x64.Build.0 = Release|Any CPU
		{E7864DE7-C97E-4F64-AF39-31EC8DB8A511}.Release|x86.ActiveCfg = Release|Any CPU
		{E7864DE7-C97E-4F64-AF39-31EC8DB8A511}.Release|x86.Build.0 = Release|Any CPU
		{0BB24013-6754-4310-A3FF-3CA94281217A}.Debug|Any CPU.ActiveCfg = Debug|Any CPU
		{0BB24013-6754-4310-A3FF-3CA94281217A}.Debug|Any CPU.Build.0 = Debug|Any CPU
		{0BB24013-6754-4310-A3FF-3CA94281217A}.Debug|x64.ActiveCfg = Debug|Any CPU
		{0BB24013-6754-4310-A3FF-3CA94281217A}.Debug|x64.Build.0 = Debug|Any CPU
		{0BB24013-6754-4310-A3FF-3CA94281217A}.Debug|x86.ActiveCfg = Debug|Any CPU
		{0BB24013-6754-4310-A3FF-3CA94281217A}.Debug|x86.Build.0 = Debug|Any CPU
		{0BB24013-6754-4310-A3FF-3CA94281217A}.Release|Any CPU.ActiveCfg = Release|Any CPU
		{0BB24013-6754-4310-A3FF-3CA94281217A}.Release|Any CPU.Build.0 = Release|Any CPU
		{0BB24013-6754-4310-A3FF-3CA94281217A}.Release|x64.ActiveCfg = Release|Any CPU
		{0BB24013-6754-4310-A3FF-3CA94281217A}.Release|x64.Build.0 = Release|Any CPU
		{0BB24013-6754-4310-A3FF-3CA94281217A}.Release|x86.ActiveCfg = Release|Any CPU
		{0BB24013-6754-4310-A3FF-3CA94281217A}.Release|x86.Build.0 = Release|Any CPU
		{68E332A4-FF2D-4C31-87C6-C678A07636E4}.Debug|Any CPU.ActiveCfg = Debug|Any CPU
		{68E332A4-FF2D-4C31-87C6-C678A07636E4}.Debug|Any CPU.Build.0 = Debug|Any CPU
		{68E332A4-FF2D-4C31-87C6-C678A07636E4}.Debug|x64.ActiveCfg = Debug|Any CPU
		{68E332A4-FF2D-4C31-87C6-C678A07636E4}.Debug|x64.Build.0 = Debug|Any CPU
		{68E332A4-FF2D-4C31-87C6-C678A07636E4}.Debug|x86.ActiveCfg = Debug|Any CPU
		{68E332A4-FF2D-4C31-87C6-C678A07636E4}.Debug|x86.Build.0 = Debug|Any CPU
		{68E332A4-FF2D-4C31-87C6-C678A07636E4}.Release|Any CPU.ActiveCfg = Release|Any CPU
		{68E332A4-FF2D-4C31-87C6-C678A07636E4}.Release|Any CPU.Build.0 = Release|Any CPU
		{68E332A4-FF2D-4C31-87C6-C678A07636E4}.Release|x64.ActiveCfg = Release|Any CPU
		{68E332A4-FF2D-4C31-87C6-C678A07636E4}.Release|x64.Build.0 = Release|Any CPU
		{68E332A4-FF2D-4C31-87C6-C678A07636E4}.Release|x86.ActiveCfg = Release|Any CPU
		{68E332A4-FF2D-4C31-87C6-C678A07636E4}.Release|x86.Build.0 = Release|Any CPU
		{2E3DFA1A-EEDB-4996-ADFE-B1A7769A48FB}.Debug|Any CPU.ActiveCfg = Debug|Any CPU
		{2E3DFA1A-EEDB-4996-ADFE-B1A7769A48FB}.Debug|Any CPU.Build.0 = Debug|Any CPU
		{2E3DFA1A-EEDB-4996-ADFE-B1A7769A48FB}.Debug|x64.ActiveCfg = Debug|Any CPU
		{2E3DFA1A-EEDB-4996-ADFE-B1A7769A48FB}.Debug|x64.Build.0 = Debug|Any CPU
		{2E3DFA1A-EEDB-4996-ADFE-B1A7769A48FB}.Debug|x86.ActiveCfg = Debug|Any CPU
		{2E3DFA1A-EEDB-4996-ADFE-B1A7769A48FB}.Debug|x86.Build.0 = Debug|Any CPU
		{2E3DFA1A-EEDB-4996-ADFE-B1A7769A48FB}.Release|Any CPU.ActiveCfg = Release|Any CPU
		{2E3DFA1A-EEDB-4996-ADFE-B1A7769A48FB}.Release|Any CPU.Build.0 = Release|Any CPU
		{2E3DFA1A-EEDB-4996-ADFE-B1A7769A48FB}.Release|x64.ActiveCfg = Release|Any CPU
		{2E3DFA1A-EEDB-4996-ADFE-B1A7769A48FB}.Release|x64.Build.0 = Release|Any CPU
		{2E3DFA1A-EEDB-4996-ADFE-B1A7769A48FB}.Release|x86.ActiveCfg = Release|Any CPU
		{2E3DFA1A-EEDB-4996-ADFE-B1A7769A48FB}.Release|x86.Build.0 = Release|Any CPU
		{A86FA4A1-6E7B-4789-A411-4400A04A025D}.Debug|Any CPU.ActiveCfg = Debug|Any CPU
		{A86FA4A1-6E7B-4789-A411-4400A04A025D}.Debug|Any CPU.Build.0 = Debug|Any CPU
		{A86FA4A1-6E7B-4789-A411-4400A04A025D}.Debug|x64.ActiveCfg = Debug|Any CPU
		{A86FA4A1-6E7B-4789-A411-4400A04A025D}.Debug|x64.Build.0 = Debug|Any CPU
		{A86FA4A1-6E7B-4789-A411-4400A04A025D}.Debug|x86.ActiveCfg = Debug|Any CPU
		{A86FA4A1-6E7B-4789-A411-4400A04A025D}.Debug|x86.Build.0 = Debug|Any CPU
		{A86FA4A1-6E7B-4789-A411-4400A04A025D}.Release|Any CPU.ActiveCfg = Release|Any CPU
		{A86FA4A1-6E7B-4789-A411-4400A04A025D}.Release|Any CPU.Build.0 = Release|Any CPU
		{A86FA4A1-6E7B-4789-A411-4400A04A025D}.Release|x64.ActiveCfg = Release|Any CPU
		{A86FA4A1-6E7B-4789-A411-4400A04A025D}.Release|x64.Build.0 = Release|Any CPU
		{A86FA4A1-6E7B-4789-A411-4400A04A025D}.Release|x86.ActiveCfg = Release|Any CPU
		{A86FA4A1-6E7B-4789-A411-4400A04A025D}.Release|x86.Build.0 = Release|Any CPU
		{62156D7F-A1D1-4ACA-BE68-8FB586A17176}.Debug|Any CPU.ActiveCfg = Debug|Win32
		{62156D7F-A1D1-4ACA-BE68-8FB586A17176}.Debug|Any CPU.Build.0 = Debug|Win32
		{62156D7F-A1D1-4ACA-BE68-8FB586A17176}.Debug|x64.ActiveCfg = Debug|x64
		{62156D7F-A1D1-4ACA-BE68-8FB586A17176}.Debug|x64.Build.0 = Debug|x64
		{62156D7F-A1D1-4ACA-BE68-8FB586A17176}.Debug|x86.ActiveCfg = Debug|Win32
		{62156D7F-A1D1-4ACA-BE68-8FB586A17176}.Debug|x86.Build.0 = Debug|Win32
		{62156D7F-A1D1-4ACA-BE68-8FB586A17176}.Release|Any CPU.ActiveCfg = Release|Win32
		{62156D7F-A1D1-4ACA-BE68-8FB586A17176}.Release|x64.ActiveCfg = Release|x64
		{62156D7F-A1D1-4ACA-BE68-8FB586A17176}.Release|x64.Build.0 = Release|x64
		{62156D7F-A1D1-4ACA-BE68-8FB586A17176}.Release|x86.ActiveCfg = Release|Win32
		{62156D7F-A1D1-4ACA-BE68-8FB586A17176}.Release|x86.Build.0 = Release|Win32
		{57ACA3C8-B307-411C-85F9-D6326236B384}.Debug|Any CPU.ActiveCfg = Debug|Win32
		{57ACA3C8-B307-411C-85F9-D6326236B384}.Debug|Any CPU.Build.0 = Debug|Win32
		{57ACA3C8-B307-411C-85F9-D6326236B384}.Debug|x64.ActiveCfg = Debug|x64
		{57ACA3C8-B307-411C-85F9-D6326236B384}.Debug|x64.Build.0 = Debug|x64
		{57ACA3C8-B307-411C-85F9-D6326236B384}.Debug|x86.ActiveCfg = Debug|Win32
		{57ACA3C8-B307-411C-85F9-D6326236B384}.Debug|x86.Build.0 = Debug|Win32
		{57ACA3C8-B307-411C-85F9-D6326236B384}.Release|Any CPU.ActiveCfg = Release|Win32
		{57ACA3C8-B307-411C-85F9-D6326236B384}.Release|x64.ActiveCfg = Release|x64
		{57ACA3C8-B307-411C-85F9-D6326236B384}.Release|x64.Build.0 = Release|x64
		{57ACA3C8-B307-411C-85F9-D6326236B384}.Release|x86.ActiveCfg = Release|Win32
		{57ACA3C8-B307-411C-85F9-D6326236B384}.Release|x86.Build.0 = Release|Win32
	EndGlobalSection
	GlobalSection(SolutionProperties) = preSolution
		HideSolutionNode = FALSE
	EndGlobalSection
	GlobalSection(NestedProjects) = preSolution
		{EB382190-5E8A-4911-8411-1861CCA798AE} = {A4814288-97AA-4E0A-85EF-E2CD47A84712}
		{F3404638-0D30-48D5-90B4-00E8A5254E3D} = {A4814288-97AA-4E0A-85EF-E2CD47A84712}
		{A4814288-97AA-4E0A-85EF-E2CD47A84712} = {18D20E0E-3327-4E73-9EBD-A1D39216FA6E}
		{9FED662E-94C0-4F95-B7D1-957BB38D2676} = {18D20E0E-3327-4E73-9EBD-A1D39216FA6E}
		{1E6A633A-E3A6-4034-B243-C1BF11F909D5} = {DBFB1BA3-E1BD-4D6F-877D-3DC037D8E6A2}
		{A901597B-7208-443F-A6BB-7663341F628F} = {DBFB1BA3-E1BD-4D6F-877D-3DC037D8E6A2}
		{E7864DE7-C97E-4F64-AF39-31EC8DB8A511} = {9FED662E-94C0-4F95-B7D1-957BB38D2676}
		{0BB24013-6754-4310-A3FF-3CA94281217A} = {9FED662E-94C0-4F95-B7D1-957BB38D2676}
		{68E332A4-FF2D-4C31-87C6-C678A07636E4} = {1E6A633A-E3A6-4034-B243-C1BF11F909D5}
		{2E3DFA1A-EEDB-4996-ADFE-B1A7769A48FB} = {1E6A633A-E3A6-4034-B243-C1BF11F909D5}
		{A86FA4A1-6E7B-4789-A411-4400A04A025D} = {1E6A633A-E3A6-4034-B243-C1BF11F909D5}
		{62156D7F-A1D1-4ACA-BE68-8FB586A17176} = {A901597B-7208-443F-A6BB-7663341F628F}
		{57ACA3C8-B307-411C-85F9-D6326236B384} = {A901597B-7208-443F-A6BB-7663341F628F}
	EndGlobalSection
	GlobalSection(ExtensibilityGlobals) = postSolution
		SolutionGuid = {4390E335-9C04-44A5-83BF-87E556089C3D}
	EndGlobalSection
EndGlobal
