
Microsoft Visual Studio Solution File, Format Version 12.00
# Visual Studio Version 16
VisualStudioVersion = 16.0.29806.167
MinimumVisualStudioVersion = 10.0.40219.1
Project("{FAE04EC0-301F-11D3-BF4B-00C04F79EFBC}") = "Task1", "Task1\Task1.csproj", "{E7864DE7-C97E-4F64-AF39-31EC8DB8A511}"
EndProject
Project("{FAE04EC0-301F-11D3-BF4B-00C04F79EFBC}") = "IndexerTest", "IndexerTest\IndexerTest.csproj", "{0BB24013-6754-4310-A3FF-3CA94281217A}"
EndProject
Project("{8BC9CEB8-8B4A-11D0-8D11-00A0C91BC942}") = "Task1Cpp", "Task1Cpp\Task1Cpp.vcxproj", "{EB382190-5E8A-4911-8411-1861CCA798AE}"
EndProject
Project("{8BC9CEB8-8B4A-11D0-8D11-00A0C91BC942}") = "IndexerTestCpp", "IndexerTestCpp\IndexerTestCpp.vcxproj", "{F3404638-0D30-48D5-90B4-00E8A5254E3D}"
EndProject
Global
	GlobalSection(SolutionConfigurationPlatforms) = preSolution
		Debug|Any CPU = Debug|Any CPU
		Debug|x64 = Debug|x64
		Debug|x86 = Debug|x86
		Release|Any CPU = Release|Any CPU
		Release|x64 = Release|x64
		Release|x86 = Release|x86
	EndGlobalSection
	GlobalSection(ProjectConfigurationPlatforms) = postSolution
		{E7864DE7-C97E-4F64-AF39-31EC8DB8A511}.Debug|Any CPU.ActiveCfg = Debug|Any CPU
		{E7864DE7-C97E-4F64-AF39-31EC8DB8A511}.Debug|Any CPU.Build.0 = Debug|Any CPU
		{E7864DE7-C97E-4F64-AF39-31EC8DB8A511}.Debug|x64.ActiveCfg = Debug|Any CPU
		{E7864DE7-C97E-4F64-AF39-31EC8DB8A511}.Debug|x64.Build.0 = Debug|Any CPU
		{E7864DE7-C97E-4F64-AF39-31EC8DB8A511}.Debug|x86.ActiveCfg = Debug|Any CPU
		{E7864DE7-C97E-4F64-AF39-31EC8DB8A511}.Debug|x86.Build.0 = Debug|Any CPU
		{E7864DE7-C97E-4F64-AF39-31EC8DB8A511}.Release|Any CPU.ActiveCfg = Release|Any CPU
		{E7864DE7-C97E-4F64-AF39-31EC8DB8A511}.Release|Any CPU.Build.0 = Release|Any CPU
		{E7864DE7-C97E-4F64-AF39-31EC8DB8A511}.Release|x64.ActiveCfg = Release|Any CPU
		{E7864DE7-C97E-4F64-AF39-31EC8DB8A511}.Release|x64.Build.0 = Release|Any CPU
		{E7864DE7-C97E-4F64-AF39-31EC8DB8A511}.Release|x86.ActiveCfg = Release|Any CPU
		{E7864DE7-C97E-4F64-AF39-31EC8DB8A511}.Release|x86.Build.0 = Release|Any CPU
		{0BB24013-6754-4310-A3FF-3CA94281217A}.Debug|Any CPU.ActiveCfg = Debug|Any CPU
		{0BB24013-6754-4310-A3FF-3CA94281217A}.Debug|Any CPU.Build.0 = Debug|Any CPU
		{0BB24013-6754-4310-A3FF-3CA94281217A}.Debug|x64.ActiveCfg = Debug|Any CPU
		{0BB24013-6754-4310-A3FF-3CA94281217A}.Debug|x64.Build.0 = Debug|Any CPU
		{0BB24013-6754-4310-A3FF-3CA94281217A}.Debug|x86.ActiveCfg = Debug|Any CPU
		{0BB24013-6754-4310-A3FF-3CA94281217A}.Debug|x86.Build.0 = Debug|Any CPU
		{0BB24013-6754-4310-A3FF-3CA94281217A}.Release|Any CPU.ActiveCfg = Release|Any CPU
		{0BB24013-6754-4310-A3FF-3CA94281217A}.Release|Any CPU.Build.0 = Release|Any CPU
		{0BB24013-6754-4310-A3FF-3CA94281217A}.Release|x64.ActiveCfg = Release|Any CPU
		{0BB24013-6754-4310-A3FF-3CA94281217A}.Release|x64.Build.0 = Release|Any CPU
		{0BB24013-6754-4310-A3FF-3CA94281217A}.Release|x86.ActiveCfg = Release|Any CPU
		{0BB24013-6754-4310-A3FF-3CA94281217A}.Release|x86.Build.0 = Release|Any CPU
		{EB382190-5E8A-4911-8411-1861CCA798AE}.Debug|Any CPU.ActiveCfg = Debug|Win32
		{EB382190-5E8A-4911-8411-1861CCA798AE}.Debug|Any CPU.Build.0 = Debug|Win32
		{EB382190-5E8A-4911-8411-1861CCA798AE}.Debug|x64.ActiveCfg = Debug|x64
		{EB382190-5E8A-4911-8411-1861CCA798AE}.Debug|x64.Build.0 = Debug|x64
		{EB382190-5E8A-4911-8411-1861CCA798AE}.Debug|x86.ActiveCfg = Debug|Win32
		{EB382190-5E8A-4911-8411-1861CCA798AE}.Debug|x86.Build.0 = Debug|Win32
		{EB382190-5E8A-4911-8411-1861CCA798AE}.Release|Any CPU.ActiveCfg = Release|Win32
		{EB382190-5E8A-4911-8411-1861CCA798AE}.Release|x64.ActiveCfg = Release|x64
		{EB382190-5E8A-4911-8411-1861CCA798AE}.Release|x64.Build.0 = Release|x64
		{EB382190-5E8A-4911-8411-1861CCA798AE}.Release|x86.ActiveCfg = Release|Win32
		{EB382190-5E8A-4911-8411-1861CCA798AE}.Release|x86.Build.0 = Release|Win32
		{F3404638-0D30-48D5-90B4-00E8A5254E3D}.Debug|Any CPU.ActiveCfg = Debug|Win32
		{F3404638-0D30-48D5-90B4-00E8A5254E3D}.Debug|Any CPU.Build.0 = Debug|Win32
		{F3404638-0D30-48D5-90B4-00E8A5254E3D}.Debug|x64.ActiveCfg = Debug|x64
		{F3404638-0D30-48D5-90B4-00E8A5254E3D}.Debug|x64.Build.0 = Debug|x64
		{F3404638-0D30-48D5-90B4-00E8A5254E3D}.Debug|x86.ActiveCfg = Debug|Win32
		{F3404638-0D30-48D5-90B4-00E8A5254E3D}.Debug|x86.Build.0 = Debug|Win32
		{F3404638-0D30-48D5-90B4-00E8A5254E3D}.Release|Any CPU.ActiveCfg = Release|Win32
		{F3404638-0D30-48D5-90B4-00E8A5254E3D}.Release|x64.ActiveCfg = Release|x64
		{F3404638-0D30-48D5-90B4-00E8A5254E3D}.Release|x64.Build.0 = Release|x64
		{F3404638-0D30-48D5-90B4-00E8A5254E3D}.Release|x86.ActiveCfg = Release|Win32
		{F3404638-0D30-48D5-90B4-00E8A5254E3D}.Release|x86.Build.0 = Release|Win32
	EndGlobalSection
	GlobalSection(SolutionProperties) = preSolution
		HideSolutionNode = FALSE
	EndGlobalSection
	GlobalSection(ExtensibilityGlobals) = postSolution
		SolutionGuid = {4390E335-9C04-44A5-83BF-87E556089C3D}
	EndGlobalSection
EndGlobal
